<?xml version="1.0" encoding="UTF-8" standalone="yes" ?>
<CodeBlocks_project_file>
	<FileVersion major="1" minor="6" />
	<Project>
		<Option title="RayCaster" />
		<Option pch_mode="2" />
		<Option compiler="gcc" />
		<Build>
			<Target title="Debug">
				<Option output="bin/Debug/RayCaster" prefix_auto="1" extension_auto="1" />
				<Option working_dir="bin/Debug" />
				<Option object_output="obj/Debug/" />
				<Option type="0" />
				<Option compiler="gcc" />
				<Compiler>
					<Add option="-O3" />
					<Add option="-Wnon-virtual-dtor" />
					<Add option="-Wshadow" />
					<Add option="-Winit-self" />
					<Add option="-Wcast-align" />
					<Add option="-Winline" />
					<Add option="-Wunreachable-code" />
					<Add option="-Weffc++" />
					<Add option="-Wzero-as-null-pointer-constant" />
					<Add option="-Wextra" />
					<Add option="-Wall" />
					<Add option="-std=c++11" />
				</Compiler>
			</Target>
		</Build>
		<Compiler>
			<Add option="-Wall" />
			<Add directory="D:/SDL-1.2.15/include" />
		</Compiler>
		<Linker>
			<Add library="mingw32" />
			<Add library="SDLmain" />
			<Add library="SDL.dll" />
			<Add library="user32" />
			<Add library="gdi32" />
			<Add library="winmm" />
			<Add library="dxguid" />
			<Add directory="D:/SDL-1.2.15/lib" />
		</Linker>
		<Unit filename="ControlsState.h" />
		<Unit filename="GameConstants.h" />
		<Unit filename="GameData.h" />
		<Unit filename="Input.h" />
		<Unit filename="MapBlock.h" />
		<Unit filename="Utility.h" />
		<Unit filename="Vector2D.h" />
		<Unit filename="main.cpp" />
		<Unit filename="player.h" />
		<Unit filename="rendering.h" />
		<Extensions>
			<code_completion />
			<envvars />
			<debugger />
		</Extensions>
	</Project>
</CodeBlocks_project_file>
